
Microsoft Visual Studio Solution File, Format Version 12.00
# Visual Studio Version 16
VisualStudioVersion = 16.0.30621.155
MinimumVisualStudioVersion = 10.0.40219.1
Project("{9A19103F-16F7-4668-BE54-9A1E7A4F7556}") = "ClassLibrary", "ClassLibrary\ClassLibrary.csproj", "{2810BF15-7685-40F3-9FD8-CAF50F1262B6}"
EndProject
Project("{FAE04EC0-301F-11D3-BF4B-00C04F79EFBC}") = "WindowsFormsHelloWorld", "..\WindowsFormsHelloWorld\WindowsFormsHelloWorld\WindowsFormsHelloWorld.csproj", "{30CE32A0-ADF5-46AA-8810-4025113E66AF}"
EndProject
Project("{9A19103F-16F7-4668-BE54-9A1E7A4F7556}") = "HelloWorldConsole", "..\HelloWorldConsole\HelloWorldConsole\HelloWorldConsole.csproj", "{F775FC70-1E14-48E3-A810-945C9C6C498A}"
EndProject
Global
	GlobalSection(SolutionConfigurationPlatforms) = preSolution
		Debug|Any CPU = Debug|Any CPU
		Release|Any CPU = Release|Any CPU
	EndGlobalSection
	GlobalSection(ProjectConfigurationPlatforms) = postSolution
		{2810BF15-7685-40F3-9FD8-CAF50F1262B6}.Debug|Any CPU.ActiveCfg = Debug|Any CPU
		{2810BF15-7685-40F3-9FD8-CAF50F1262B6}.Debug|Any CPU.Build.0 = Debug|Any CPU
		{2810BF15-7685-40F3-9FD8-CAF50F1262B6}.Release|Any CPU.ActiveCfg = Release|Any CPU
		{2810BF15-7685-40F3-9FD8-CAF50F1262B6}.Release|Any CPU.Build.0 = Release|Any CPU
		{30CE32A0-ADF5-46AA-8810-4025113E66AF}.Debug|Any CPU.ActiveCfg = Debug|Any CPU
		{30CE32A0-ADF5-46AA-8810-4025113E66AF}.Debug|Any CPU.Build.0 = Debug|Any CPU
		{30CE32A0-ADF5-46AA-8810-4025113E66AF}.Release|Any CPU.ActiveCfg = Release|Any CPU
		{30CE32A0-ADF5-46AA-8810-4025113E66AF}.Release|Any CPU.Build.0 = Release|Any CPU
		{F775FC70-1E14-48E3-A810-945C9C6C498A}.Debug|Any CPU.ActiveCfg = Debug|Any CPU
		{F775FC70-1E14-48E3-A810-945C9C6C498A}.Debug|Any CPU.Build.0 = Debug|Any CPU
		{F775FC70-1E14-48E3-A810-945C9C6C498A}.Release|Any CPU.ActiveCfg = Release|Any CPU
		{F775FC70-1E14-48E3-A810-945C9C6C498A}.Release|Any CPU.Build.0 = Release|Any CPU
	EndGlobalSection
	GlobalSection(SolutionProperties) = preSolution
		HideSolutionNode = FALSE
	EndGlobalSection
	GlobalSection(ExtensibilityGlobals) = postSolution
		SolutionGuid = {F55BD2C2-3848-4B89-A29B-630107FF4A21}
	EndGlobalSection
EndGlobal
